// !$*UTF8*$!
{
	archiveVersion = 1;
	classes = {
	};
	objectVersion = 50;
	objects = {

/* Begin PBXBuildFile section */
		A3E2E9C425F5E87C00190FCF /* AppDelegate.swift in Sources */ = {isa = PBXBuildFile; fileRef = A3E2E9C325F5E87C00190FCF /* AppDelegate.swift */; };
		A3E2E9C625F5E87C00190FCF /* SceneDelegate.swift in Sources */ = {isa = PBXBuildFile; fileRef = A3E2E9C525F5E87C00190FCF /* SceneDelegate.swift */; };
		A3E2E9C825F5E87C00190FCF /* ViewController.swift in Sources */ = {isa = PBXBuildFile; fileRef = A3E2E9C725F5E87C00190FCF /* ViewController.swift */; };
		A3E2E9CB25F5E87C00190FCF /* Main.storyboard in Resources */ = {isa = PBXBuildFile; fileRef = A3E2E9C925F5E87C00190FCF /* Main.storyboard */; };
		A3E2E9CD25F5E87E00190FCF /* Assets.xcassets in Resources */ = {isa = PBXBuildFile; fileRef = A3E2E9CC25F5E87E00190FCF /* Assets.xcassets */; };
		A3E2E9D025F5E87E00190FCF /* LaunchScreen.storyboard in Resources */ = {isa = PBXBuildFile; fileRef = A3E2E9CE25F5E87E00190FCF /* LaunchScreen.storyboard */; };
		A3E2E9DB25F5E87E00190FCF /* ParstagramTests.swift in Sources */ = {isa = PBXBuildFile; fileRef = A3E2E9DA25F5E87E00190FCF /* ParstagramTests.swift */; };
		A3E2E9E625F5E87E00190FCF /* ParstagramUITests.swift in Sources */ = {isa = PBXBuildFile; fileRef = A3E2E9E525F5E87E00190FCF /* ParstagramUITests.swift */; };
/* End PBXBuildFile section */

/* Begin PBXContainerItemProxy section */
		A3E2E9D725F5E87E00190FCF /* PBXContainerItemProxy */ = {
			isa = PBXContainerItemProxy;
			containerPortal = A3E2E9B825F5E87C00190FCF /* Project object */;
			proxyType = 1;
			remoteGlobalIDString = A3E2E9BF25F5E87C00190FCF;
			remoteInfo = Parstagram;
		};
		A3E2E9E225F5E87E00190FCF /* PBXContainerItemProxy */ = {
			isa = PBXContainerItemProxy;
			containerPortal = A3E2E9B825F5E87C00190FCF /* Project object */;
			proxyType = 1;
			remoteGlobalIDString = A3E2E9BF25F5E87C00190FCF;
			remoteInfo = Parstagram;
		};
/* End PBXContainerItemProxy section */

/* Begin PBXFileReference section */
		A3E2E9C025F5E87C00190FCF /* Parstagram.app */ = {isa = PBXFileReference; explicitFileType = wrapper.application; includeInIndex = 0; path = Parstagram.app; sourceTree = BUILT_PRODUCTS_DIR; };
		A3E2E9C325F5E87C00190FCF /* AppDelegate.swift */ = {isa = PBXFileReference; lastKnownFileType = sourcecode.swift; path = AppDelegate.swift; sourceTree = "<group>"; };
		A3E2E9C525F5E87C00190FCF /* SceneDelegate.swift */ = {isa = PBXFileReference; lastKnownFileType = sourcecode.swift; path = SceneDelegate.swift; sourceTree = "<group>"; };
		A3E2E9C725F5E87C00190FCF /* ViewController.swift */ = {isa = PBXFileReference; lastKnownFileType = sourcecode.swift; path = ViewController.swift; sourceTree = "<group>"; };
		A3E2E9CA25F5E87C00190FCF /* Base */ = {isa = PBXFileReference; lastKnownFileType = file.storyboard; name = Base; path = Base.lproj/Main.storyboard; sourceTree = "<group>"; };
		A3E2E9CC25F5E87E00190FCF /* Assets.xcassets */ = {isa = PBXFileReference; lastKnownFileType = folder.assetcatalog; path = Assets.xcassets; sourceTree = "<group>"; };
		A3E2E9CF25F5E87E00190FCF /* Base */ = {isa = PBXFileReference; lastKnownFileType = file.storyboard; name = Base; path = Base.lproj/LaunchScreen.storyboard; sourceTree = "<group>"; };
		A3E2E9D125F5E87E00190FCF /* Info.plist */ = {isa = PBXFileReference; lastKnownFileType = text.plist.xml; path = Info.plist; sourceTree = "<group>"; };
		A3E2E9D625F5E87E00190FCF /* ParstagramTests.xctest */ = {isa = PBXFileReference; explicitFileType = wrapper.cfbundle; includeInIndex = 0; path = ParstagramTests.xctest; sourceTree = BUILT_PRODUCTS_DIR; };
		A3E2E9DA25F5E87E00190FCF /* ParstagramTests.swift */ = {isa = PBXFileReference; lastKnownFileType = sourcecode.swift; path = ParstagramTests.swift; sourceTree = "<group>"; };
		A3E2E9DC25F5E87E00190FCF /* Info.plist */ = {isa = PBXFileReference; lastKnownFileType = text.plist.xml; path = Info.plist; sourceTree = "<group>"; };
		A3E2E9E125F5E87E00190FCF /* ParstagramUITests.xctest */ = {isa = PBXFileReference; explicitFileType = wrapper.cfbundle; includeInIndex = 0; path = ParstagramUITests.xctest; sourceTree = BUILT_PRODUCTS_DIR; };
		A3E2E9E525F5E87E00190FCF /* ParstagramUITests.swift */ = {isa = PBXFileReference; lastKnownFileType = sourcecode.swift; path = ParstagramUITests.swift; sourceTree = "<group>"; };
		A3E2E9E725F5E87E00190FCF /* Info.plist */ = {isa = PBXFileReference; lastKnownFileType = text.plist.xml; path = Info.plist; sourceTree = "<group>"; };
/* End PBXFileReference section */

/* Begin PBXFrameworksBuildPhase section */
		A3E2E9BD25F5E87C00190FCF /* Frameworks */ = {
			isa = PBXFrameworksBuildPhase;
			buildActionMask = 2147483647;
			files = (
			);
			runOnlyForDeploymentPostprocessing = 0;
		};
		A3E2E9D325F5E87E00190FCF /* Frameworks */ = {
			isa = PBXFrameworksBuildPhase;
			buildActionMask = 2147483647;
			files = (
			);
			runOnlyForDeploymentPostprocessing = 0;
		};
		A3E2E9DE25F5E87E00190FCF /* Frameworks */ = {
			isa = PBXFrameworksBuildPhase;
			buildActionMask = 2147483647;
			files = (
			);
			runOnlyForDeploymentPostprocessing = 0;
		};
/* End PBXFrameworksBuildPhase section */

/* Begin PBXGroup section */
		A3E2E9B725F5E87C00190FCF = {
			isa = PBXGroup;
			children = (
				A3E2E9C225F5E87C00190FCF /* Parstagram */,
				A3E2E9D925F5E87E00190FCF /* ParstagramTests */,
				A3E2E9E425F5E87E00190FCF /* ParstagramUITests */,
				A3E2E9C125F5E87C00190FCF /* Products */,
			);
			sourceTree = "<group>";
		};
		A3E2E9C125F5E87C00190FCF /* Products */ = {
			isa = PBXGroup;
			children = (
				A3E2E9C025F5E87C00190FCF /* Parstagram.app */,
				A3E2E9D625F5E87E00190FCF /* ParstagramTests.xctest */,
				A3E2E9E125F5E87E00190FCF /* ParstagramUITests.xctest */,
			);
			name = Products;
			sourceTree = "<group>";
		};
		A3E2E9C225F5E87C00190FCF /* Parstagram */ = {
			isa = PBXGroup;
			children = (
				A3E2E9C325F5E87C00190FCF /* AppDelegate.swift */,
				A3E2E9C525F5E87C00190FCF /* SceneDelegate.swift */,
				A3E2E9C725F5E87C00190FCF /* ViewController.swift */,
				A3E2E9C925F5E87C00190FCF /* Main.storyboard */,
				A3E2E9CC25F5E87E00190FCF /* Assets.xcassets */,
				A3E2E9CE25F5E87E00190FCF /* LaunchScreen.storyboard */,
				A3E2E9D125F5E87E00190FCF /* Info.plist */,
			);
			path = Parstagram;
			sourceTree = "<group>";
		};
		A3E2E9D925F5E87E00190FCF /* ParstagramTests */ = {
			isa = PBXGroup;
			children = (
				A3E2E9DA25F5E87E00190FCF /* ParstagramTests.swift */,
				A3E2E9DC25F5E87E00190FCF /* Info.plist */,
			);
			path = ParstagramTests;
			sourceTree = "<group>";
		};
		A3E2E9E425F5E87E00190FCF /* ParstagramUITests */ = {
			isa = PBXGroup;
			children = (
				A3E2E9E525F5E87E00190FCF /* ParstagramUITests.swift */,
				A3E2E9E725F5E87E00190FCF /* Info.plist */,
			);
			path = ParstagramUITests;
			sourceTree = "<group>";
		};
/* End PBXGroup section */

/* Begin PBXNativeTarget section */
		A3E2E9BF25F5E87C00190FCF /* Parstagram */ = {
			isa = PBXNativeTarget;
			buildConfigurationList = A3E2E9EA25F5E87E00190FCF /* Build configuration list for PBXNativeTarget "Parstagram" */;
			buildPhases = (
				A3E2E9BC25F5E87C00190FCF /* Sources */,
				A3E2E9BD25F5E87C00190FCF /* Frameworks */,
				A3E2E9BE25F5E87C00190FCF /* Resources */,
			);
			buildRules = (
			);
			dependencies = (
			);
			name = Parstagram;
			productName = Parstagram;
			productReference = A3E2E9C025F5E87C00190FCF /* Parstagram.app */;
			productType = "com.apple.product-type.application";
		};
		A3E2E9D525F5E87E00190FCF /* ParstagramTests */ = {
			isa = PBXNativeTarget;
			buildConfigurationList = A3E2E9ED25F5E87E00190FCF /* Build configuration list for PBXNativeTarget "ParstagramTests" */;
			buildPhases = (
				A3E2E9D225F5E87E00190FCF /* Sources */,
				A3E2E9D325F5E87E00190FCF /* Frameworks */,
				A3E2E9D425F5E87E00190FCF /* Resources */,
			);
			buildRules = (
			);
			dependencies = (
				A3E2E9D825F5E87E00190FCF /* PBXTargetDependency */,
			);
			name = ParstagramTests;
			productName = ParstagramTests;
			productReference = A3E2E9D625F5E87E00190FCF /* ParstagramTests.xctest */;
			productType = "com.apple.product-type.bundle.unit-test";
		};
		A3E2E9E025F5E87E00190FCF /* ParstagramUITests */ = {
			isa = PBXNativeTarget;
			buildConfigurationList = A3E2E9F025F5E87E00190FCF /* Build configuration list for PBXNativeTarget "ParstagramUITests" */;
			buildPhases = (
				A3E2E9DD25F5E87E00190FCF /* Sources */,
				A3E2E9DE25F5E87E00190FCF /* Frameworks */,
				A3E2E9DF25F5E87E00190FCF /* Resources */,
			);
			buildRules = (
			);
			dependencies = (
				A3E2E9E325F5E87E00190FCF /* PBXTargetDependency */,
			);
			name = ParstagramUITests;
			productName = ParstagramUITests;
			productReference = A3E2E9E125F5E87E00190FCF /* ParstagramUITests.xctest */;
			productType = "com.apple.product-type.bundle.ui-testing";
		};
/* End PBXNativeTarget section */

/* Begin PBXProject section */
		A3E2E9B825F5E87C00190FCF /* Project object */ = {
			isa = PBXProject;
			attributes = {
				LastSwiftUpdateCheck = 1240;
				LastUpgradeCheck = 1240;
				TargetAttributes = {
					A3E2E9BF25F5E87C00190FCF = {
						CreatedOnToolsVersion = 12.4;
					};
					A3E2E9D525F5E87E00190FCF = {
						CreatedOnToolsVersion = 12.4;
						TestTargetID = A3E2E9BF25F5E87C00190FCF;
					};
					A3E2E9E025F5E87E00190FCF = {
						CreatedOnToolsVersion = 12.4;
						TestTargetID = A3E2E9BF25F5E87C00190FCF;
					};
				};
			};
			buildConfigurationList = A3E2E9BB25F5E87C00190FCF /* Build configuration list for PBXProject "Parstagram" */;
			compatibilityVersion = "Xcode 9.3";
			developmentRegion = en;
			hasScannedForEncodings = 0;
			knownRegions = (
				en,
				Base,
			);
			mainGroup = A3E2E9B725F5E87C00190FCF;
			productRefGroup = A3E2E9C125F5E87C00190FCF /* Products */;
			projectDirPath = "";
			projectRoot = "";
			targets = (
				A3E2E9BF25F5E87C00190FCF /* Parstagram */,
				A3E2E9D525F5E87E00190FCF /* ParstagramTests */,
				A3E2E9E025F5E87E00190FCF /* ParstagramUITests */,
			);
		};
/* End PBXProject section */

/* Begin PBXResourcesBuildPhase section */
		A3E2E9BE25F5E87C00190FCF /* Resources */ = {
			isa = PBXResourcesBuildPhase;
			buildActionMask = 2147483647;
			files = (
				A3E2E9D025F5E87E00190FCF /* LaunchScreen.storyboard in Resources */,
				A3E2E9CD25F5E87E00190FCF /* Assets.xcassets in Resources */,
				A3E2E9CB25F5E87C00190FCF /* Main.storyboard in Resources */,
			);
			runOnlyForDeploymentPostprocessing = 0;
		};
		A3E2E9D425F5E87E00190FCF /* Resources */ = {
			isa = PBXResourcesBuildPhase;
			buildActionMask = 2147483647;
			files = (
			);
			runOnlyForDeploymentPostprocessing = 0;
		};
		A3E2E9DF25F5E87E00190FCF /* Resources */ = {
			isa = PBXResourcesBuildPhase;
			buildActionMask = 2147483647;
			files = (
			);
			runOnlyForDeploymentPostprocessing = 0;
		};
/* End PBXResourcesBuildPhase section */

/* Begin PBXSourcesBuildPhase section */
		A3E2E9BC25F5E87C00190FCF /* Sources */ = {
			isa = PBXSourcesBuildPhase;
			buildActionMask = 2147483647;
			files = (
				A3E2E9C825F5E87C00190FCF /* ViewController.swift in Sources */,
				A3E2E9C425F5E87C00190FCF /* AppDelegate.swift in Sources */,
				A3E2E9C625F5E87C00190FCF /* SceneDelegate.swift in Sources */,
			);
			runOnlyForDeploymentPostprocessing = 0;
		};
		A3E2E9D225F5E87E00190FCF /* Sources */ = {
			isa = PBXSourcesBuildPhase;
			buildActionMask = 2147483647;
			files = (
				A3E2E9DB25F5E87E00190FCF /* ParstagramTests.swift in Sources */,
			);
			runOnlyForDeploymentPostprocessing = 0;
		};
		A3E2E9DD25F5E87E00190FCF /* Sources */ = {
			isa = PBXSourcesBuildPhase;
			buildActionMask = 2147483647;
			files = (
				A3E2E9E625F5E87E00190FCF /* ParstagramUITests.swift in Sources */,
			);
			runOnlyForDeploymentPostprocessing = 0;
		};
/* End PBXSourcesBuildPhase section */

/* Begin PBXTargetDependency section */
		A3E2E9D825F5E87E00190FCF /* PBXTargetDependency */ = {
			isa = PBXTargetDependency;
			target = A3E2E9BF25F5E87C00190FCF /* Parstagram */;
			targetProxy = A3E2E9D725F5E87E00190FCF /* PBXContainerItemProxy */;
		};
		A3E2E9E325F5E87E00190FCF /* PBXTargetDependency */ = {
			isa = PBXTargetDependency;
			target = A3E2E9BF25F5E87C00190FCF /* Parstagram */;
			targetProxy = A3E2E9E225F5E87E00190FCF /* PBXContainerItemProxy */;
		};
/* End PBXTargetDependency section */

/* Begin PBXVariantGroup section */
		A3E2E9C925F5E87C00190FCF /* Main.storyboard */ = {
			isa = PBXVariantGroup;
			children = (
				A3E2E9CA25F5E87C00190FCF /* Base */,
			);
			name = Main.storyboard;
			sourceTree = "<group>";
		};
		A3E2E9CE25F5E87E00190FCF /* LaunchScreen.storyboard */ = {
			isa = PBXVariantGroup;
			children = (
				A3E2E9CF25F5E87E00190FCF /* Base */,
			);
			name = LaunchScreen.storyboard;
			sourceTree = "<group>";
		};
/* End PBXVariantGroup section */

/* Begin XCBuildConfiguration section */
		A3E2E9E825F5E87E00190FCF /* Debug */ = {
			isa = XCBuildConfiguration;
			buildSettings = {
				ALWAYS_SEARCH_USER_PATHS = NO;
				CLANG_ANALYZER_NONNULL = YES;
				CLANG_ANALYZER_NUMBER_OBJECT_CONVERSION = YES_AGGRESSIVE;
				CLANG_CXX_LANGUAGE_STANDARD = "gnu++14";
				CLANG_CXX_LIBRARY = "libc++";
				CLANG_ENABLE_MODULES = YES;
				CLANG_ENABLE_OBJC_ARC = YES;
				CLANG_ENABLE_OBJC_WEAK = YES;
				CLANG_WARN_BLOCK_CAPTURE_AUTORELEASING = YES;
				CLANG_WARN_BOOL_CONVERSION = YES;
				CLANG_WARN_COMMA = YES;
				CLANG_WARN_CONSTANT_CONVERSION = YES;
				CLANG_WARN_DEPRECATED_OBJC_IMPLEMENTATIONS = YES;
				CLANG_WARN_DIRECT_OBJC_ISA_USAGE = YES_ERROR;
				CLANG_WARN_DOCUMENTATION_COMMENTS = YES;
				CLANG_WARN_EMPTY_BODY = YES;
				CLANG_WARN_ENUM_CONVERSION = YES;
				CLANG_WARN_INFINITE_RECURSION = YES;
				CLANG_WARN_INT_CONVERSION = YES;
				CLANG_WARN_NON_LITERAL_NULL_CONVERSION = YES;
				CLANG_WARN_OBJC_IMPLICIT_RETAIN_SELF = YES;
				CLANG_WARN_OBJC_LITERAL_CONVERSION = YES;
				CLANG_WARN_OBJC_ROOT_CLASS = YES_ERROR;
				CLANG_WARN_QUOTED_INCLUDE_IN_FRAMEWORK_HEADER = YES;
				CLANG_WARN_RANGE_LOOP_ANALYSIS = YES;
				CLANG_WARN_STRICT_PROTOTYPES = YES;
				CLANG_WARN_SUSPICIOUS_MOVE = YES;
				CLANG_WARN_UNGUARDED_AVAILABILITY = YES_AGGRESSIVE;
				CLANG_WARN_UNREACHABLE_CODE = YES;
				CLANG_WARN__DUPLICATE_METHOD_MATCH = YES;
				COPY_PHASE_STRIP = NO;
				DEBUG_INFORMATION_FORMAT = dwarf;
				ENABLE_STRICT_OBJC_MSGSEND = YES;
				ENABLE_TESTABILITY = YES;
				GCC_C_LANGUAGE_STANDARD = gnu11;
				GCC_DYNAMIC_NO_PIC = NO;
				GCC_NO_COMMON_BLOCKS = YES;
				GCC_OPTIMIZATION_LEVEL = 0;
				GCC_PREPROCESSOR_DEFINITIONS = (
					"DEBUG=1",
					"$(inherited)",
				);
				GCC_WARN_64_TO_32_BIT_CONVERSION = YES;
				GCC_WARN_ABOUT_RETURN_TYPE = YES_ERROR;
				GCC_WARN_UNDECLARED_SELECTOR = YES;
				GCC_WARN_UNINITIALIZED_AUTOS = YES_AGGRESSIVE;
				GCC_WARN_UNUSED_FUNCTION = YES;
				GCC_WARN_UNUSED_VARIABLE = YES;
				IPHONEOS_DEPLOYMENT_TARGET = 14.4;
				MTL_ENABLE_DEBUG_INFO = INCLUDE_SOURCE;
				MTL_FAST_MATH = YES;
				ONLY_ACTIVE_ARCH = YES;
				SDKROOT = iphoneos;
				SWIFT_ACTIVE_COMPILATION_CONDITIONS = DEBUG;
				SWIFT_OPTIMIZATION_LEVEL = "-Onone";
			};
			name = Debug;
		};
		A3E2E9E925F5E87E00190FCF /* Release */ = {
			isa = XCBuildConfiguration;
			buildSettings = {
				ALWAYS_SEARCH_USER_PATHS = NO;
				CLANG_ANALYZER_NONNULL = YES;
				CLANG_ANALYZER_NUMBER_OBJECT_CONVERSION = YES_AGGRESSIVE;
				CLANG_CXX_LANGUAGE_STANDARD = "gnu++14";
				CLANG_CXX_LIBRARY = "libc++";
				CLANG_ENABLE_MODULES = YES;
				CLANG_ENABLE_OBJC_ARC = YES;
				CLANG_ENABLE_OBJC_WEAK = YES;
				CLANG_WARN_BLOCK_CAPTURE_AUTORELEASING = YES;
				CLANG_WARN_BOOL_CONVERSION = YES;
				CLANG_WARN_COMMA = YES;
				CLANG_WARN_CONSTANT_CONVERSION = YES;
				CLANG_WARN_DEPRECATED_OBJC_IMPLEMENTATIONS = YES;
				CLANG_WARN_DIRECT_OBJC_ISA_USAGE = YES_ERROR;
				CLANG_WARN_DOCUMENTATION_COMMENTS = YES;
				CLANG_WARN_EMPTY_BODY = YES;
				CLANG_WARN_ENUM_CONVERSION = YES;
				CLANG_WARN_INFINITE_RECURSION = YES;
				CLANG_WARN_INT_CONVERSION = YES;
				CLANG_WARN_NON_LITERAL_NULL_CONVERSION = YES;
				CLANG_WARN_OBJC_IMPLICIT_RETAIN_SELF = YES;
				CLANG_WARN_OBJC_LITERAL_CONVERSION = YES;
				CLANG_WARN_OBJC_ROOT_CLASS = YES_ERROR;
				CLANG_WARN_QUOTED_INCLUDE_IN_FRAMEWORK_HEADER = YES;
				CLANG_WARN_RANGE_LOOP_ANALYSIS = YES;
				CLANG_WARN_STRICT_PROTOTYPES = YES;
				CLANG_WARN_SUSPICIOUS_MOVE = YES;
				CLANG_WARN_UNGUARDED_AVAILABILITY = YES_AGGRESSIVE;
				CLANG_WARN_UNREACHABLE_CODE = YES;
				CLANG_WARN__DUPLICATE_METHOD_MATCH = YES;
				COPY_PHASE_STRIP = NO;
				DEBUG_INFORMATION_FORMAT = "dwarf-with-dsym";
				ENABLE_NS_ASSERTIONS = NO;
				ENABLE_STRICT_OBJC_MSGSEND = YES;
				GCC_C_LANGUAGE_STANDARD = gnu11;
				GCC_NO_COMMON_BLOCKS = YES;
				GCC_WARN_64_TO_32_BIT_CONVERSION = YES;
				GCC_WARN_ABOUT_RETURN_TYPE = YES_ERROR;
				GCC_WARN_UNDECLARED_SELECTOR = YES;
				GCC_WARN_UNINITIALIZED_AUTOS = YES_AGGRESSIVE;
				GCC_WARN_UNUSED_FUNCTION = YES;
				GCC_WARN_UNUSED_VARIABLE = YES;
				IPHONEOS_DEPLOYMENT_TARGET = 14.4;
				MTL_ENABLE_DEBUG_INFO = NO;
				MTL_FAST_MATH = YES;
				SDKROOT = iphoneos;
				SWIFT_COMPILATION_MODE = wholemodule;
				SWIFT_OPTIMIZATION_LEVEL = "-O";
				VALIDATE_PRODUCT = YES;
			};
			name = Release;
		};
		A3E2E9EB25F5E87E00190FCF /* Debug */ = {
			isa = XCBuildConfiguration;
			buildSettings = {
				ASSETCATALOG_COMPILER_APPICON_NAME = AppIcon;
				ASSETCATALOG_COMPILER_GLOBAL_ACCENT_COLOR_NAME = AccentColor;
				CODE_SIGN_STYLE = Automatic;
				INFOPLIST_FILE = Parstagram/Info.plist;
				LD_RUNPATH_SEARCH_PATHS = (
					"$(inherited)",
					"@executable_path/Frameworks",
				);
				PRODUCT_BUNDLE_IDENTIFIER = "parse-ex.Parstagram";
				PRODUCT_NAME = "$(TARGET_NAME)";
				SWIFT_VERSION = 5.0;
				TARGETED_DEVICE_FAMILY = "1,2";
			};
			name = Debug;
		};
		A3E2E9EC25F5E87E00190FCF /* Release */ = {
			isa = XCBuildConfiguration;
			buildSettings = {
				ASSETCATALOG_COMPILER_APPICON_NAME = AppIcon;
				ASSETCATALOG_COMPILER_GLOBAL_ACCENT_COLOR_NAME = AccentColor;
				CODE_SIGN_STYLE = Automatic;
				INFOPLIST_FILE = Parstagram/Info.plist;
				LD_RUNPATH_SEARCH_PATHS = (
					"$(inherited)",
					"@executable_path/Frameworks",
				);
				PRODUCT_BUNDLE_IDENTIFIER = "parse-ex.Parstagram";
				PRODUCT_NAME = "$(TARGET_NAME)";
				SWIFT_VERSION = 5.0;
				TARGETED_DEVICE_FAMILY = "1,2";
			};
			name = Release;
		};
		A3E2E9EE25F5E87E00190FCF /* Debug */ = {
			isa = XCBuildConfiguration;
			buildSettings = {
				ALWAYS_EMBED_SWIFT_STANDARD_LIBRARIES = YES;
				BUNDLE_LOADER = "$(TEST_HOST)";
				CODE_SIGN_STYLE = Automatic;
				INFOPLIST_FILE = ParstagramTests/Info.plist;
				IPHONEOS_DEPLOYMENT_TARGET = 14.4;
				LD_RUNPATH_SEARCH_PATHS = (
					"$(inherited)",
					"@executable_path/Frameworks",
					"@loader_path/Frameworks",
				);
				PRODUCT_BUNDLE_IDENTIFIER = "parse-ex.ParstagramTests";
				PRODUCT_NAME = "$(TARGET_NAME)";
				SWIFT_VERSION = 5.0;
				TARGETED_DEVICE_FAMILY = "1,2";
				TEST_HOST = "$(BUILT_PRODUCTS_DIR)/Parstagram.app/Parstagram";
			};
			name = Debug;
		};
		A3E2E9EF25F5E87E00190FCF /* Release */ = {
			isa = XCBuildConfiguration;
			buildSettings = {
				ALWAYS_EMBED_SWIFT_STANDARD_LIBRARIES = YES;
				BUNDLE_LOADER = "$(TEST_HOST)";
				CODE_SIGN_STYLE = Automatic;
				INFOPLIST_FILE = ParstagramTests/Info.plist;
				IPHONEOS_DEPLOYMENT_TARGET = 14.4;
				LD_RUNPATH_SEARCH_PATHS = (
					"$(inherited)",
					"@executable_path/Frameworks",
					"@loader_path/Frameworks",
				);
				PRODUCT_BUNDLE_IDENTIFIER = "parse-ex.ParstagramTests";
				PRODUCT_NAME = "$(TARGET_NAME)";
				SWIFT_VERSION = 5.0;
				TARGETED_DEVICE_FAMILY = "1,2";
				TEST_HOST = "$(BUILT_PRODUCTS_DIR)/Parstagram.app/Parstagram";
			};
			name = Release;
		};
		A3E2E9F125F5E87E00190FCF /* Debug */ = {
			isa = XCBuildConfiguration;
			buildSettings = {
				ALWAYS_EMBED_SWIFT_STANDARD_LIBRARIES = YES;
				CODE_SIGN_STYLE = Automatic;
				INFOPLIST_FILE = ParstagramUITests/Info.plist;
				LD_RUNPATH_SEARCH_PATHS = (
					"$(inherited)",
					"@executable_path/Frameworks",
					"@loader_path/Frameworks",
				);
				PRODUCT_BUNDLE_IDENTIFIER = "parse-ex.ParstagramUITests";
				PRODUCT_NAME = "$(TARGET_NAME)";
				SWIFT_VERSION = 5.0;
				TARGETED_DEVICE_FAMILY = "1,2";
				TEST_TARGET_NAME = Parstagram;
			};
			name = Debug;
		};
		A3E2E9F225F5E87E00190FCF /* Release */ = {
			isa = XCBuildConfiguration;
			buildSettings = {
				ALWAYS_EMBED_SWIFT_STANDARD_LIBRARIES = YES;
				CODE_SIGN_STYLE = Automatic;
				INFOPLIST_FILE = ParstagramUITests/Info.plist;
				LD_RUNPATH_SEARCH_PATHS = (
					"$(inherited)",
					"@executable_path/Frameworks",
					"@loader_path/Frameworks",
				);
				PRODUCT_BUNDLE_IDENTIFIER = "parse-ex.ParstagramUITests";
				PRODUCT_NAME = "$(TARGET_NAME)";
				SWIFT_VERSION = 5.0;
				TARGETED_DEVICE_FAMILY = "1,2";
				TEST_TARGET_NAME = Parstagram;
			};
			name = Release;
		};
/* End XCBuildConfiguration section */

/* Begin XCConfigurationList section */
		A3E2E9BB25F5E87C00190FCF /* Build configuration list for PBXProject "Parstagram" */ = {
			isa = XCConfigurationList;
			buildConfigurations = (
				A3E2E9E825F5E87E00190FCF /* Debug */,
				A3E2E9E925F5E87E00190FCF /* Release */,
			);
			defaultConfigurationIsVisible = 0;
			defaultConfigurationName = Release;
		};
		A3E2E9EA25F5E87E00190FCF /* Build configuration list for PBXNativeTarget "Parstagram" */ = {
			isa = XCConfigurationList;
			buildConfigurations = (
				A3E2E9EB25F5E87E00190FCF /* Debug */,
				A3E2E9EC25F5E87E00190FCF /* Release */,
			);
			defaultConfigurationIsVisible = 0;
			defaultConfigurationName = Release;
		};
		A3E2E9ED25F5E87E00190FCF /* Build configuration list for PBXNativeTarget "ParstagramTests" */ = {
			isa = XCConfigurationList;
			buildConfigurations = (
				A3E2E9EE25F5E87E00190FCF /* Debug */,
				A3E2E9EF25F5E87E00190FCF /* Release */,
			);
			defaultConfigurationIsVisible = 0;
			defaultConfigurationName = Release;
		};
		A3E2E9F025F5E87E00190FCF /* Build configuration list for PBXNativeTarget "ParstagramUITests" */ = {
			isa = XCConfigurationList;
			buildConfigurations = (
				A3E2E9F125F5E87E00190FCF /* Debug */,
				A3E2E9F225F5E87E00190FCF /* Release */,
			);
			defaultConfigurationIsVisible = 0;
			defaultConfigurationName = Release;
		};
/* End XCConfigurationList section */
	};
	rootObject = A3E2E9B825F5E87C00190FCF /* Project object */;
}
